schema: '2.0'
stages:
  preprocess:
    cmd: python src/preprocess.py data/df_mflow_test.parquet data/clean_data.csv params.yaml
    deps:
    - path: data/df_mflow_test.parquet
      hash: md5
      md5: d25562b616c4860391a965adaa880eb9
      size: 18338909
    - path: params.yaml
      hash: md5
      md5: 6ecbe577d220c1fdb976ed8e16156a7e
      size: 912
    outs:
    - path: data/clean_data.csv
      hash: md5
      md5: ab227407918d0416d729e46319075c79
      size: 67196621
  train:
    cmd: python src/train.py data/clean_data.csv models/model.pkl params.yaml
    deps:
    - path: data/clean_data.csv
      hash: md5
      md5: ab227407918d0416d729e46319075c79
      size: 67196621
    - path: params.yaml
      hash: md5
      md5: 6ecbe577d220c1fdb976ed8e16156a7e
      size: 912
    outs:
    - path: models/model.pkl
      hash: md5
      md5: 2db40714e02e6413bfd5307218d4bd43
      size: 1480
